# This file was autogenerated by Stack.
# You should not edit this file by hand.
# For more information, please see the documentation at:
#   https://docs.haskellstack.org/en/stable/lock_files

packages:
- completed:
    hackage: wl-pprint-1.2.1@sha256:aea676cff4a062d7d912149d270e33f5bb0c01b68a9db46ff13b438141ff4b7c,734
    pantry-tree:
      size: 221
      sha256: 750b375c6fc33400551f9e32e26e41844c372270a9bc3571e912fa36df7c6d4f
  original:
    hackage: wl-pprint-1.2.1@sha256:aea676cff4a062d7d912149d270e33f5bb0c01b68a9db46ff13b438141ff4b7c,734
- completed:
    hackage: network-2.6.3.6@sha256:1ca79d81af02d7acd6032d5e6c9bde4618a8fdcfbe19bd42b49d420183975df0,2666
    pantry-tree:
      size: 2254
      sha256: 56285baa11d679521837e1f41311a1aeafa522e7637d408d3decd99c083edba1
  original:
    hackage: network-2.6.3.6@sha256:1ca79d81af02d7acd6032d5e6c9bde4618a8fdcfbe19bd42b49d420183975df0,2666
- completed:
    name: Top
    version: '1.9'
    git: git@github.com:Helium4Haskell/Top.git
    pantry-tree:
      size: 4631
      sha256: 231f80fcc54ba28c4255e7018955a52e5946c5bc6539e39277b229747c778f25
    commit: 5e900184d6b2ab6d7ce69945287d782252e5ea68
  original:
    git: git@github.com:Helium4Haskell/Top.git
    commit: 5e900184d6b2ab6d7ce69945287d782252e5ea68
- completed:
    subdir: src/lib
    name: lvmlib
    version: '1.9'
    git: git@github.com:Helium4Haskell/lvm.git
    pantry-tree:
      size: 2440
      sha256: 42d20588aad750f1ac6c665526d21be6e6dd74b220aee16ee4e2644de2a40b5b
    commit: a516e95b66e989f1364567e9b4f3292266659d08
  original:
    subdir: src/lib
    git: git@github.com:Helium4Haskell/lvm.git
    commit: a516e95b66e989f1364567e9b4f3292266659d08
snapshots:
- completed:
    size: 532177
    url: https://raw.githubusercontent.com/commercialhaskell/stackage-snapshots/master/lts/16/20.yaml
    sha256: 0e14ba5603f01e8496e8984fd84b545a012ca723f51a098c6c9d3694e404dc6d
  original: lts-16.20
